PODS:
  - AFNetworking (3.1.0):
    - AFNetworking/NSURLSession (= 3.1.0)
    - AFNetworking/Reachability (= 3.1.0)
    - AFNetworking/Security (= 3.1.0)
    - AFNetworking/Serialization (= 3.1.0)
    - AFNetworking/UIKit (= 3.1.0)
  - AFNetworking/NSURLSession (3.1.0):
    - AFNetworking/Reachability
    - AFNetworking/Security
    - AFNetworking/Serialization
  - AFNetworking/Reachability (3.1.0)
  - AFNetworking/Security (3.1.0)
  - AFNetworking/Serialization (3.1.0)
  - AFNetworking/UIKit (3.1.0):
    - AFNetworking/NSURLSession
  - JLRoutes (1.5.5)
  - KMCGeigerCounter (0.2.2)
  - KMNavigationBarTransition (1.1.5)
  - LDKit (0.2.15):
    - LDKit/Feature (= 0.2.15)
    - LDKit/FoundationCategory (= 0.2.15)
    - LDKit/UIKit (= 0.2.15)
    - LDKit/UIKitCategory (= 0.2.15)
  - LDKit/Feature (0.2.15):
    - LDKit/Feature/LDKeychain (= 0.2.15)
  - LDKit/Feature/LDKeychain (0.2.15)
  - LDKit/FoundationCategory (0.2.15)
  - LDKit/UIKit (0.2.15):
    - LDKit/FoundationCategory
    - LDKit/UIKit/LDLightAlert (= 0.2.15)
    - LDKit/UIKit/MessageBoxView (= 0.2.15)
  - LDKit/UIKit/LDLightAlert (0.2.15):
    - LDKit/FoundationCategory
  - LDKit/UIKit/MessageBoxView (0.2.15):
    - LDKit/FoundationCategory
    - LDKit/UIKitCategory
  - LDKit/UIKitCategory (0.2.15):
    - LDKit/Feature/LDKeychain
    - LDKit/FoundationCategory
    - LDKit/UIKit/LDLightAlert
  - LDKWNetworking (0.1.0):
    - LDKWNetworking/LDKWAPIEncypt (= 0.1.0)
    - LDNetworking (~> 0.0.5)
  - LDKWNetworking/LDKWAPIEncypt (0.1.0):
    - LDNetworking (~> 0.0.5)
  - LDKWUserCenter (0.1.2):
    - LDKit (~> 0.2.5)
  - LDKWWebViewController (0.1.1):
    - LDKit
    - LDKWWebViewController/JsBridge (= 0.1.1)
    - LDWebViewProgress
  - LDKWWebViewController/JsBridge (0.1.1):
    - LDKit
    - LDWebViewProgress
  - LDNetworking (0.0.10):
    - AFNetworking (~> 3.1.0)
  - LDPopupController (0.1.6)
  - LDRoutes (0.0.1):
    - JLRoutes (~> 1.5.1)
  - LDWebViewProgress (0.1.2)
  - Masonry (1.1.0)
  - MJRefresh (3.1.15.3)
  - MKAdditions (0.1.4)
  - Reachability (3.2)
  - SDWebImage (4.1.2):
    - SDWebImage/Core (= 4.1.2)
  - SDWebImage/Core (4.1.2)
  - SVProgressHUD (2.2.5)
  - TTTAttributedLabel (1.13.4)
  - YYModel (1.0.4)

DEPENDENCIES:
  - KMCGeigerCounter (~> 0.2.0)
  - KMNavigationBarTransition (~> 1.1.1)
  - LDKit (~> 0.2.5)
  - LDKWNetworking (~> 0.1.0)
  - LDKWUserCenter (from `https://git.ms.netease.com/PettyLoan/LDKWUserCenter.git`, branch `master`)
  - LDKWWebViewController (~> 0.1.1)
  - LDPopupController (~> 0.1.5)
  - LDRoutes (= 0.0.1)
  - Masonry (~> 1.1.0)
  - MJRefresh (~> 3.1.12)
  - MKAdditions (~> 0.1.4)
  - Reachability (~> 3.2)
  - SDWebImage (~> 4.1.0)
  - SVProgressHUD (~> 2.2)
  - TTTAttributedLabel (= 1.13.4)
  - YYModel (~> 1.0.4)

EXTERNAL SOURCES:
  LDKWUserCenter:
    :branch: master
    :git: https://git.ms.netease.com/PettyLoan/LDKWUserCenter.git

CHECKOUT OPTIONS:
  LDKWUserCenter:
    :commit: 9430ad81071779f6c6a3499025664564a54f68ff
    :git: https://git.ms.netease.com/PettyLoan/LDKWUserCenter.git

SPEC CHECKSUMS:
  AFNetworking: 5e0e199f73d8626b11e79750991f5d173d1f8b67
  JLRoutes: d191a496b820f60d70225202d04289582da962df
  KMCGeigerCounter: f8cc3c4aa19fc6f8cec168fb03b364b84c118a7a
  KMNavigationBarTransition: 7a52c9bc25b39b6e3343e980b453facee1591b82
  LDKit: 902f5ecc64685d083c6d7b63a4b1447906b55cac
  LDKWNetworking: cab24301b812ee13e534ae30ab389b2d378846d3
  LDKWUserCenter: dd593ec6ccf129c110d13ba5a6b0d1730d7e3ab8
  LDKWWebViewController: 717021665900b05fbda0914a60a6f029fe2a54cb
  LDNetworking: 30e84774b5a5498bca15e948cd6eac905b55a5ca
  LDPopupController: 7478b64555d87273ed88b423e0acb6fece685173
  LDRoutes: 23b65aff3726f4e9d9c46a6955ee2f88690cb7cb
  LDWebViewProgress: 9b06b68b4395e77a4abf781c0b2728b0c2d4be2e
  Masonry: 678fab65091a9290e40e2832a55e7ab731aad201
  MJRefresh: b48380ae2b927b46c4ef000de9adb8dc748e1df7
  MKAdditions: 1337604aa42a0fd4c8104eb08b500a76c8677ce7
  Reachability: 33e18b67625424e47b6cde6d202dce689ad7af96
  SDWebImage: cb6f9f266a9977741efcbc21e618e8be3734c774
  SVProgressHUD: 1428aafac632c1f86f62aa4243ec12008d7a51d6
  TTTAttributedLabel: 0a2ac7b2dd726d32a070dafb01446026b11e624f
  YYModel: 2a7fdd96aaa4b86a824e26d0c517de8928c04b30

PODFILE CHECKSUM: 66f100013702934d9b380b573cb40a8581c2e5af

COCOAPODS: 1.4.0
